# This file is generated by running "yarn install" inside your project.
# Manual changes might be lost - proceed with caution!

__metadata:
  version: 4

"@types/node@npm:^13.1.6":
  version: 13.5.0
  resolution: "@types/node@npm:13.5.0"
  checksum: c168b6228f3a0845fa7530169b5c25dfce069f5cd315ebaade02875eaadbea8eca8dc1337b6b1996ee268b1d649aaef89c2aafa452b2b24f4235eaecf83b4941
  languageName: node
  linkType: hard

"@yarnpkg/fslib@npm:^2.0.0-rc.15":
  version: 2.0.0-rc.15
  resolution: "@yarnpkg/fslib@npm:2.0.0-rc.15"
  dependencies:
    "@yarnpkg/libzip": ^2.0.0-rc.8
    tmp: ^0.1.0
  checksum: 5ca7045c6802038d20744a8c1d8da8bc8c433239932f9ab7ece93554614b2d7d1b0d4fcabc341a84911977b55d91997c6eb273cd83b07e5931e7301daba2eee7
  languageName: node
  linkType: hard

"@yarnpkg/libzip@npm:^2.0.0-rc.8":
  version: 2.0.0-rc.9
  resolution: "@yarnpkg/libzip@npm:2.0.0-rc.9"
  checksum: 801f8b2a1e86cc4b8c162de16192b9c799f6108bd5350865892121be84b3f864b9c609f3481d1b1f5b9ce63db2cd17e8cc830031103760784ccb5a8e0123e4a4
  languageName: node
  linkType: hard

"@yarnpkg/pnpify@npm:^2.0.0-rc.16":
  version: 2.0.0-rc.16
  resolution: "@yarnpkg/pnpify@npm:2.0.0-rc.16"
  dependencies:
    "@yarnpkg/fslib": ^2.0.0-rc.15
    comment-json: ^2.2.0
    cross-spawn: ^6.0.5
  peerDependencies:
    eslint: "*"
    typescript: "*"
  peerDependenciesMeta:
    eslint:
      optional: true
    typescript:
      optional: true
  bin:
    pnpify: ./lib/cli.js
  checksum: 32b4f7f440317d5e35306f308e63f64dba89e869784f505346c2f0ca0c4f5815b48de0deda83472bd2d7f7bc25334e5db48ad3468b63f6a2b1052c52b2b80651
  languageName: node
  linkType: hard

"async-limiter@npm:~1.0.0":
  version: 1.0.1
  resolution: "async-limiter@npm:1.0.1"
  checksum: 31ed8a2681eb3bf62151f91ac4ba3c9e7f474c39120ed6a50661635687b911e2d02797bc2304f1a68f7abee83bec30196ea012058a80c6179091afa1c8efc595
  languageName: node
  linkType: hard

"balanced-match@npm:^1.0.0":
  version: 1.0.0
  resolution: "balanced-match@npm:1.0.0"
  checksum: 6a1a4021cc9cb35182852582ed42470041430842bbc9d3dfad9536fca203281e4bc6316a017a0b876df0acb8d0d83daa22d5c6483108869c0895582525af9f60
  languageName: node
  linkType: hard

"brace-expansion@npm:^1.1.7":
  version: 1.1.11
  resolution: "brace-expansion@npm:1.1.11"
  dependencies:
    balanced-match: ^1.0.0
    concat-map: 0.0.1
  checksum: 6bf044764309bad6d15c6eabc39e93701643b00192439251afe8b4e0c08f941b840f3c8844b163fc307111459121712fb74e40073ddffb0358f8a640f14ba7b1
  languageName: node
  linkType: hard

"comment-json@npm:^2.2.0":
  version: 2.3.1
  resolution: "comment-json@npm:2.3.1"
  dependencies:
    core-util-is: ^1.0.2
    esprima: ^4.0.1
    has-own-prop: ^2.0.0
    repeat-string: ^1.6.1
  checksum: d563f007cb9b5a914182fa7356a88eef7cbc68ffe5711b6a5703e4c138c5441faa552d6cecb22e5ba87f53739db3b91d54b78e25a0e8bfebe29493a769c988c6
  languageName: node
  linkType: hard

"concat-map@npm:0.0.1":
  version: 0.0.1
  resolution: "concat-map@npm:0.0.1"
  checksum: b295d07d6ac4f0e3fe511fce7ac74c5f6583e67bace249c32c6b2baa44b2c6220c7c177c9e44954485f37b7e7ec6a6a231447b62137d0fb56b44a7e871ac33e3
  languageName: node
  linkType: hard

"core-util-is@npm:^1.0.2":
  version: 1.0.2
  resolution: "core-util-is@npm:1.0.2"
  checksum: b2aeb723279455a85125383b7067e66d650187adee4151b6587bc28d8334c9d5ebbc6e4bd6c344355191865e1add46fdec83f2a7f4d83889cfe7e586d9fd50b6
  languageName: node
  linkType: hard

"cross-spawn@npm:^6.0.5":
  version: 6.0.5
  resolution: "cross-spawn@npm:6.0.5"
  dependencies:
    nice-try: ^1.0.4
    path-key: ^2.0.1
    semver: ^5.5.0
    shebang-command: ^1.2.0
    which: ^1.2.9
  checksum: 5103fd3ec3c3d914d78190d1b7021bcca3f66d1c35008f67a696884a7d8c74a415158110436610abaae044d7351ecf8d71bb66872e88bbd80525b013b5b44256
  languageName: node
  linkType: hard

"discord.js@npm:^11.5.1":
  version: 11.5.1
  resolution: "discord.js@npm:11.5.1"
  dependencies:
    long: ^4.0.0
    prism-media: ^0.0.3
    snekfetch: ^3.6.4
    tweetnacl: ^1.0.0
    ws: ^6.0.0
  peerDependencies:
    "@discordjs/uws": ^10.149.0
    bufferutil: ^4.0.0
    erlpack: "*"
    libsodium-wrappers: ^0.7.3
    node-opus: ^0.2.7
    opusscript: ^0.0.6
    sodium: ^2.0.3
    uws: "*"
  peerDependenciesMeta:
    bufferutil:
      optional: true
    erlpack:
      optional: true
    libsodium-wrappers:
      optional: true
    node-opus:
      optional: true
    opusscript:
      optional: true
    sodium:
      optional: true
    uws:
      optional: true
  checksum: db66633ca62779f19ebf85ec00ee785c0658464e70b939a7c721703c6f4eb2f9e494670183071030c28c09a3d9a706b91aa5328c2ed6971ebff44a3ec5e14480
  languageName: node
  linkType: hard

"dotenv@npm:^8.2.0":
  version: 8.2.0
  resolution: "dotenv@npm:8.2.0"
  checksum: 552d2c06ec0eee57b98c298105556041e4fd8ad985b34a73173a197e722478cd9bdaad2f98d80f3a227a414e2f4e6d4a2121b400a044e0690be1832c546dea55
  languageName: node
  linkType: hard

"esprima@npm:^4.0.1":
  version: 4.0.1
  resolution: "esprima@npm:4.0.1"
  bin:
    esparse: ./bin/esparse.js
    esvalidate: ./bin/esvalidate.js
  checksum: a9bec67e9a3dfccc29a2d54c65a3210129668b3eeae7fe296145bc564c963c4d1d7be101dd13fbe65000414ac07f35bd2f85ac9d3254016e5a2f3aa13d18caf1
  languageName: node
  linkType: hard

"fs.realpath@npm:^1.0.0":
  version: 1.0.0
  resolution: "fs.realpath@npm:1.0.0"
  checksum: 7838256cafb93ee7a40754e7fdcae9c6e57b12528e22ae51a10bc6161ad6a647931dd99aa95ddf3a4ce8501766f78e57a56ed010043dddf8dddb4ad5af616acb
  languageName: node
  linkType: hard

"glob@npm:^7.1.3":
  version: 7.1.6
  resolution: "glob@npm:7.1.6"
  dependencies:
    fs.realpath: ^1.0.0
    inflight: ^1.0.4
    inherits: 2
    minimatch: ^3.0.4
    once: ^1.3.0
    path-is-absolute: ^1.0.0
  checksum: 1e4476a9b7a81eec0bcfee78de4c27a40d2bde349eb04a63c58636acf8dc5ad8c68bc47c841bf7de5fde22696b1d2a737ada65e66c2359a0b3195fafc1316814
  languageName: node
  linkType: hard

"has-own-prop@npm:^2.0.0":
  version: 2.0.0
  resolution: "has-own-prop@npm:2.0.0"
  checksum: 4827d2a15aec3cc55742eab2703a57fde43f962f4e29086413e43e326885727a38422c020a050cd2ac485918127669cda7372bc64acabd1c3b09922e9aa8f8d2
  languageName: node
  linkType: hard

"inflight@npm:^1.0.4":
  version: 1.0.6
  resolution: "inflight@npm:1.0.6"
  dependencies:
    once: ^1.3.0
    wrappy: 1
  checksum: 4ae4f2a43120647487d1650aaecd81044692397040d46d38257c349f142889be56ffb23f599c09dadc4287baeb4f3381e304e7eef111d7c7fec00def06111c4c
  languageName: node
  linkType: hard

"inherits@npm:2":
  version: 2.0.4
  resolution: "inherits@npm:2.0.4"
  checksum: d11734fde3095ce63e83a4be33779c8597b0c95edec3efcadf9a78a9312a520028e25acb2d126656005791550f9f2e17de3ea6abeb026fa24627401e5e174d6c
  languageName: node
  linkType: hard

"isexe@npm:^2.0.0":
  version: 2.0.0
  resolution: "isexe@npm:2.0.0"
  checksum: 1f6f7ccf6206a544097e27f04018fbd4fdb45d71eadac305d4b60cc18668d35c970d3c0bfadc4b348dd603d5536496a5634dd5f64792ea5e745c62cbc0ce9730
  languageName: node
  linkType: hard

"jackbot-discord@npm:^6.1.0":
  version: 6.1.0
  resolution: "jackbot-discord@npm:6.1.0"
  dependencies:
    discord.js: ^11.5.1
  checksum: c72c84800f928dd8d8eec600752fc85e5b1a0f06709487244138f5b367d3c6193c20d79793cd95c33077b1973724ed59c29d3eb43d20244526b3a5894e0826b0
  languageName: node
  linkType: hard

"jackbot-next@workspace:.":
  version: 0.0.0-use.local
  resolution: "jackbot-next@workspace:."
  dependencies:
    "@types/node": ^13.1.6
    "@yarnpkg/pnpify": ^2.0.0-rc.16
    dotenv: ^8.2.0
    jackbot-discord: ^6.1.0
    typescript: ^3.7.4
  languageName: unknown
  linkType: soft

"long@npm:^4.0.0":
  version: 4.0.0
  resolution: "long@npm:4.0.0"
  checksum: 89270f3fd6de9a30620ad3f20c3f0df47977fcc7288581237cb118825e443880d01f6fa95687631be0004b635353d9860982df7cb9610ee597c038e8a9cc2d9c
  languageName: node
  linkType: hard

"minimatch@npm:^3.0.4":
  version: 3.0.4
  resolution: "minimatch@npm:3.0.4"
  dependencies:
    brace-expansion: ^1.1.7
  checksum: c32249a40b1dbbb8d836495877d91874fcf6ce9c287409c41bcb3efe5ad67e21512a459a4ae3ce9b32e1df376c1cde14cbe9fe3ba17f703c2b253993577f4ccf
  languageName: node
  linkType: hard

"nice-try@npm:^1.0.4":
  version: 1.0.5
  resolution: "nice-try@npm:1.0.5"
  checksum: 67ed974ae082d8efabbd1e4c0b052bb651efd43db7efba36ef2f32699bafae51bfd5f7bab8ae2ba528f060943e902fb42d5b9c68b8ea0e432246beac8ea2360c
  languageName: node
  linkType: hard

"once@npm:^1.3.0":
  version: 1.4.0
  resolution: "once@npm:1.4.0"
  dependencies:
    wrappy: 1
  checksum: 47a04404e9aa3a209a7e536b199780fe75aba04df0a035b221285f2f703d0ab58286ffb402ff7cb5a3b894d0e86685eb4fc2766ce7a19555c14221437f248c03
  languageName: node
  linkType: hard

"path-is-absolute@npm:^1.0.0":
  version: 1.0.1
  resolution: "path-is-absolute@npm:1.0.1"
  checksum: 0e197d7cfa28209bce077b65646e21beb9a9980cc2b57efa4a4bf3b3331ec003f823bfec0948326264a2cbc57645a666cf911eb5d949d627d9e788280cccaa07
  languageName: node
  linkType: hard

"path-key@npm:^2.0.1":
  version: 2.0.1
  resolution: "path-key@npm:2.0.1"
  checksum: c89ee103cdc74ba8a5772cb56e9f1346cc7eae0789c4f9cb01ba5e6d501c2642900538e444ba26284a3a52fc01b9f1d70c7270d638c3cf37c25958ebf860be4e
  languageName: node
  linkType: hard

"prism-media@npm:^0.0.3":
  version: 0.0.3
  resolution: "prism-media@npm:0.0.3"
  checksum: 7aedb0670c58526c9f4ea80e26642d455235852e24e043824e0caadca90b25cd93729a6f172793c9ed0ea850f89785dc32d33abeddded3ffa9326d994e7358a4
  languageName: node
  linkType: hard

"repeat-string@npm:^1.6.1":
  version: 1.6.1
  resolution: "repeat-string@npm:1.6.1"
  checksum: ef9617af35ea90f6fbd5794810a854d91205ed20ec017e9dfdf9973d625a3fa6f7b486be340f8155b46e53ef972a346c27fa7187393f61b5cb5b331afba16187
  languageName: node
  linkType: hard

"rimraf@npm:^2.6.3":
  version: 2.7.1
  resolution: "rimraf@npm:2.7.1"
  dependencies:
    glob: ^7.1.3
  bin:
    rimraf: ./bin.js
  checksum: 580678159cca56caf1a5600414716c66ffae68e2c8e31991080f304cf19a3c6b84983cd11405da22bd8b508dd60d492d573bb4e76b7ac8c080cf03f54fcb529e
  languageName: node
  linkType: hard

"semver@npm:^5.5.0":
  version: 5.7.1
  resolution: "semver@npm:5.7.1"
  bin:
    semver: ./bin/semver
  checksum: dce4680e58a60e12fd7ec1f274635267206e466eaca54e3238f7c49baf33ba07aae8fe8f002a0cf6ec3e8c6f1ccbf158e8f59acc89c1777063e93eb239fe8b76
  languageName: node
  linkType: hard

"shebang-command@npm:^1.2.0":
  version: 1.2.0
  resolution: "shebang-command@npm:1.2.0"
  dependencies:
    shebang-regex: ^1.0.0
  checksum: 3d830f3ad0c796f671ad3a8a0ed9ac75a52b21a2f0cfc1e0675fb4d0530e332b10a3b0171f63ef6a2efa14dd7f92a3d03c49927afc9b3529830628671fade78a
  languageName: node
  linkType: hard

"shebang-regex@npm:^1.0.0":
  version: 1.0.0
  resolution: "shebang-regex@npm:1.0.0"
  checksum: fba9381f369e3e5e30e4e1353164243575a82f9b4b0010fc43dab33e7341d86032f9fdc6aa2d122f0737fce69a3c6544c295d9787aa4d522bc24ac1fcaac69d6
  languageName: node
  linkType: hard

"snekfetch@npm:^3.6.4":
  version: 3.6.4
  resolution: "snekfetch@npm:3.6.4"
  checksum: b1ea3318bf94cab7dcd52238cf5fd72b1840c7354a233596e5205d1261302cafbf2f308f69e8650ab3eef587fd81aee9929a4c43bf6b0c5f4a7f28d12a7284ed
  languageName: node
  linkType: hard

"tmp@npm:^0.1.0":
  version: 0.1.0
  resolution: "tmp@npm:0.1.0"
  dependencies:
    rimraf: ^2.6.3
  checksum: e3ddd8c38655efe4668abd1a103b61c78c28ae59e938fbb21537809cdf74f71fd5ccfe8f7e52be7386d78c091a1782ae950d4d020021c46f23fb28d021109b00
  languageName: node
  linkType: hard

"tweetnacl@npm:^1.0.0":
  version: 1.0.1
  resolution: "tweetnacl@npm:1.0.1"
  checksum: 5a61cf128bb53bb95771ab29597de5e74421ed68ecfee1c92953e08d58e57f8a6862e488a1d5a921914cd59b251f00bdffbf567b5aa544720e78a9e43f3133c8
  languageName: node
  linkType: hard

typescript@^3.7.4:
  version: 3.7.4
  resolution: "typescript@npm:3.7.4"
  bin:
    tsc: ./bin/tsc
    tsserver: ./bin/tsserver
  checksum: b8f67d9158af24c6cae17f2ec6fddc15b45bd681a3eed1517b1b9b74f0565a4a2b12902a676e127c798081af41285db6c970ac3a2018e6c9e5e841efd7a68236
  languageName: node
  linkType: hard

"typescript@patch:typescript@^3.7.4#builtin<compat/typescript>":
  version: 3.7.4
  resolution: "typescript@patch:typescript@npm%3A3.7.4#builtin<compat/typescript>::version=3.7.4&hash=226bd1"
  bin:
    tsc: ./bin/tsc
    tsserver: ./bin/tsserver
  checksum: 76801a625f79ee313070bf80459d54457c3f8eefeb78fa1d7d5f394f8092279faf6a637fdb15f691b42e93a7920aff52161b9dd771035fcca6251237bb390e70
  languageName: node
  linkType: hard

"which@npm:^1.2.9":
  version: 1.3.1
  resolution: "which@npm:1.3.1"
  dependencies:
    isexe: ^2.0.0
  bin:
    which: ./bin/which
  checksum: 8c639095289e694cbce93f17662e56f740ceafb8d73cdccf0d2b2968df0e8b9c8ddf16f44711d1d5a5efe4d2091cb3ca06d1afa2db359df48588a71a4b60d0c6
  languageName: node
  linkType: hard

"wrappy@npm:1":
  version: 1.0.2
  resolution: "wrappy@npm:1.0.2"
  checksum: 0796da084f06bced2351fed9686a7211f4a4b774a7a3b64c7ead1b3bef162b1721f2a1d3fb1268bf2e848c9d743eca189c2a243159a1512d5dfab4b0d4dd60b5
  languageName: node
  linkType: hard

"ws@npm:^6.0.0":
  version: 6.2.1
  resolution: "ws@npm:6.2.1"
  dependencies:
    async-limiter: ~1.0.0
  checksum: 731ad2205472faf91c33e09240cf36f0941e7e627c1adb3287d00810e1b308cc346526eeca6ef2f60f12be2313c3a76582bd1ff4c12d6aec6968457273741e6f
  languageName: node
  linkType: hard
